
Microsoft Visual Studio Solution File, Format Version 12.00
# Visual Studio Version 16
VisualStudioVersion = 16.0.32901.82
MinimumVisualStudioVersion = 10.0.40219.1
Project("{FAE04EC0-301F-11D3-BF4B-00C04F79EFBC}") = "String Metods", "String Metods\String Metods.csproj", "{527A82D0-EFBE-47BB-9BB0-4D0831324CFC}"
EndProject
Global
	GlobalSection(SolutionConfigurationPlatforms) = preSolution
		Debug|Any CPU = Debug|Any CPU
		Release|Any CPU = Release|Any CPU
	EndGlobalSection
	GlobalSection(ProjectConfigurationPlatforms) = postSolution
		{527A82D0-EFBE-47BB-9BB0-4D0831324CFC}.Debug|Any CPU.ActiveCfg = Debug|Any CPU
		{527A82D0-EFBE-47BB-9BB0-4D0831324CFC}.Debug|Any CPU.Build.0 = Debug|Any CPU
		{527A82D0-EFBE-47BB-9BB0-4D0831324CFC}.Release|Any CPU.ActiveCfg = Release|Any CPU
		{527A82D0-EFBE-47BB-9BB0-4D0831324CFC}.Release|Any CPU.Build.0 = Release|Any CPU
	EndGlobalSection
	GlobalSection(SolutionProperties) = preSolution
		HideSolutionNode = FALSE
	EndGlobalSection
	GlobalSection(ExtensibilityGlobals) = postSolution
		SolutionGuid = {05393B9F-0BDB-48BA-A7DF-9415A2EC5C6E}
	EndGlobalSection
EndGlobal
